
Microsoft Visual Studio Solution File, Format Version 12.00
# Visual Studio Version 17
VisualStudioVersion = 17.0.32112.339
MinimumVisualStudioVersion = 10.0.40219.1
Project("{FAE04EC0-301F-11D3-BF4B-00C04F79EFBC}") = "3 přiklad", "3 přiklad.csproj", "{5DE5D728-9731-4DCA-846E-CCCF8E1D1385}"
EndProject
Global
	GlobalSection(SolutionConfigurationPlatforms) = preSolution
		Debug|Any CPU = Debug|Any CPU
		Release|Any CPU = Release|Any CPU
	EndGlobalSection
	GlobalSection(ProjectConfigurationPlatforms) = postSolution
		{5DE5D728-9731-4DCA-846E-CCCF8E1D1385}.Debug|Any CPU.ActiveCfg = Debug|Any CPU
		{5DE5D728-9731-4DCA-846E-CCCF8E1D1385}.Debug|Any CPU.Build.0 = Debug|Any CPU
		{5DE5D728-9731-4DCA-846E-CCCF8E1D1385}.Release|Any CPU.ActiveCfg = Release|Any CPU
		{5DE5D728-9731-4DCA-846E-CCCF8E1D1385}.Release|Any CPU.Build.0 = Release|Any CPU
	EndGlobalSection
	GlobalSection(SolutionProperties) = preSolution
		HideSolutionNode = FALSE
	EndGlobalSection
	GlobalSection(ExtensibilityGlobals) = postSolution
		SolutionGuid = {BF42501B-AD21-4BE7-84E8-2A7CD1F9DA9F}
	EndGlobalSection
EndGlobal
